PODS:
  - Kingfisher (3.0.1)
  - Realm (2.7.0):
    - Realm/Headers (= 2.7.0)
  - Realm/Headers (2.7.0)
  - RealmSwift (2.7.0):
    - Realm (= 2.7.0)

DEPENDENCIES:
  - Kingfisher (~> 3.0)
  - RealmSwift

SPEC CHECKSUMS:
  Kingfisher: d5a491b45ea453d90a31bd2c0831d5243e73a73f
  Realm: 07e5d3a9e0e41d65fd5f9f05150ed6295d0f093b
  RealmSwift: 6d06425d3900c86473c4f323bf6949b43fca22bc

PODFILE CHECKSUM: 618e380471bcb06a522373698ecbb3888a94c675

COCOAPODS: 1.2.0
