// !$*UTF8*$!
{
	archiveVersion = 1;
	classes = {
	};
	objectVersion = 46;
	objects = {

/* Begin PBXBuildFile section */
		2199A7F8465155011892586D /* Pods_Tell_Me.framework in Frameworks */ = {isa = PBXBuildFile; fileRef = 67D11FBBEB8D157536AB74A8 /* Pods_Tell_Me.framework */; };
		2B23577D1DAD644F003B435E /* Answer.swift in Sources */ = {isa = PBXBuildFile; fileRef = 2B23577C1DAD644F003B435E /* Answer.swift */; };
		2B23577F1DAD648A003B435E /* ResponseJSONObjectSerializable.swift in Sources */ = {isa = PBXBuildFile; fileRef = 2B23577E1DAD648A003B435E /* ResponseJSONObjectSerializable.swift */; };
		2B2357811DAD64D9003B435E /* AnswerType.swift in Sources */ = {isa = PBXBuildFile; fileRef = 2B2357801DAD64D9003B435E /* AnswerType.swift */; };
		2B2357831DAD6705003B435E /* YesnoAPIManager.swift in Sources */ = {isa = PBXBuildFile; fileRef = 2B2357821DAD6705003B435E /* YesnoAPIManager.swift */; };
		2B2357851DAD70F6003B435E /* Dimmable.swift in Sources */ = {isa = PBXBuildFile; fileRef = 2B2357841DAD70F6003B435E /* Dimmable.swift */; };
		2B2357871DAD758F003B435E /* PopupViewController.swift in Sources */ = {isa = PBXBuildFile; fileRef = 2B2357861DAD758F003B435E /* PopupViewController.swift */; };
		2B23578A1DAD83E1003B435E /* NSMutableAttributedString+extension.swift in Sources */ = {isa = PBXBuildFile; fileRef = 2B2357891DAD83E1003B435E /* NSMutableAttributedString+extension.swift */; };
		2B798E2D1DAD623200124252 /* AppDelegate.swift in Sources */ = {isa = PBXBuildFile; fileRef = 2B798E2C1DAD623200124252 /* AppDelegate.swift */; };
		2B798E2F1DAD623200124252 /* ViewController.swift in Sources */ = {isa = PBXBuildFile; fileRef = 2B798E2E1DAD623200124252 /* ViewController.swift */; };
		2B798E321DAD623200124252 /* Main.storyboard in Resources */ = {isa = PBXBuildFile; fileRef = 2B798E301DAD623200124252 /* Main.storyboard */; };
		2B798E341DAD623200124252 /* Assets.xcassets in Resources */ = {isa = PBXBuildFile; fileRef = 2B798E331DAD623200124252 /* Assets.xcassets */; };
		2B798E371DAD623200124252 /* LaunchScreen.storyboard in Resources */ = {isa = PBXBuildFile; fileRef = 2B798E351DAD623200124252 /* LaunchScreen.storyboard */; };
		2B798E421DAD623200124252 /* Tell_MeTests.swift in Sources */ = {isa = PBXBuildFile; fileRef = 2B798E411DAD623200124252 /* Tell_MeTests.swift */; };
		AB696C5400A4E0805E1C9A8A /* Pods_Tell_MeTests.framework in Frameworks */ = {isa = PBXBuildFile; fileRef = A0FBA8B1F3EAAD7FB6AC500A /* Pods_Tell_MeTests.framework */; };
/* End PBXBuildFile section */

/* Begin PBXContainerItemProxy section */
		2B798E3E1DAD623200124252 /* PBXContainerItemProxy */ = {
			isa = PBXContainerItemProxy;
			containerPortal = 2B798E211DAD623100124252 /* Project object */;
			proxyType = 1;
			remoteGlobalIDString = 2B798E281DAD623200124252;
			remoteInfo = "Tell Me";
		};
/* End PBXContainerItemProxy section */

/* Begin PBXFileReference section */
		2B23577C1DAD644F003B435E /* Answer.swift */ = {isa = PBXFileReference; fileEncoding = 4; lastKnownFileType = sourcecode.swift; path = Answer.swift; sourceTree = "<group>"; };
		2B23577E1DAD648A003B435E /* ResponseJSONObjectSerializable.swift */ = {isa = PBXFileReference; fileEncoding = 4; lastKnownFileType = sourcecode.swift; path = ResponseJSONObjectSerializable.swift; sourceTree = "<group>"; };
		2B2357801DAD64D9003B435E /* AnswerType.swift */ = {isa = PBXFileReference; fileEncoding = 4; lastKnownFileType = sourcecode.swift; path = AnswerType.swift; sourceTree = "<group>"; };
		2B2357821DAD6705003B435E /* YesnoAPIManager.swift */ = {isa = PBXFileReference; fileEncoding = 4; lastKnownFileType = sourcecode.swift; path = YesnoAPIManager.swift; sourceTree = "<group>"; };
		2B2357841DAD70F6003B435E /* Dimmable.swift */ = {isa = PBXFileReference; fileEncoding = 4; lastKnownFileType = sourcecode.swift; path = Dimmable.swift; sourceTree = "<group>"; };
		2B2357861DAD758F003B435E /* PopupViewController.swift */ = {isa = PBXFileReference; fileEncoding = 4; lastKnownFileType = sourcecode.swift; path = PopupViewController.swift; sourceTree = "<group>"; };
		2B2357891DAD83E1003B435E /* NSMutableAttributedString+extension.swift */ = {isa = PBXFileReference; fileEncoding = 4; lastKnownFileType = sourcecode.swift; path = "NSMutableAttributedString+extension.swift"; sourceTree = "<group>"; };
		2B798E291DAD623200124252 /* Tell Me.app */ = {isa = PBXFileReference; explicitFileType = wrapper.application; includeInIndex = 0; path = "Tell Me.app"; sourceTree = BUILT_PRODUCTS_DIR; };
		2B798E2C1DAD623200124252 /* AppDelegate.swift */ = {isa = PBXFileReference; lastKnownFileType = sourcecode.swift; path = AppDelegate.swift; sourceTree = "<group>"; };
		2B798E2E1DAD623200124252 /* ViewController.swift */ = {isa = PBXFileReference; lastKnownFileType = sourcecode.swift; path = ViewController.swift; sourceTree = "<group>"; };
		2B798E311DAD623200124252 /* Base */ = {isa = PBXFileReference; lastKnownFileType = file.storyboard; name = Base; path = Base.lproj/Main.storyboard; sourceTree = "<group>"; };
		2B798E331DAD623200124252 /* Assets.xcassets */ = {isa = PBXFileReference; lastKnownFileType = folder.assetcatalog; path = Assets.xcassets; sourceTree = "<group>"; };
		2B798E361DAD623200124252 /* Base */ = {isa = PBXFileReference; lastKnownFileType = file.storyboard; name = Base; path = Base.lproj/LaunchScreen.storyboard; sourceTree = "<group>"; };
		2B798E381DAD623200124252 /* Info.plist */ = {isa = PBXFileReference; lastKnownFileType = text.plist.xml; path = Info.plist; sourceTree = "<group>"; };
		2B798E3D1DAD623200124252 /* Tell MeTests.xctest */ = {isa = PBXFileReference; explicitFileType = wrapper.cfbundle; includeInIndex = 0; path = "Tell MeTests.xctest"; sourceTree = BUILT_PRODUCTS_DIR; };
		2B798E411DAD623200124252 /* Tell_MeTests.swift */ = {isa = PBXFileReference; lastKnownFileType = sourcecode.swift; path = Tell_MeTests.swift; sourceTree = "<group>"; };
		2B798E431DAD623200124252 /* Info.plist */ = {isa = PBXFileReference; lastKnownFileType = text.plist.xml; path = Info.plist; sourceTree = "<group>"; };
		630167742157429187A01625 /* Pods-Tell Me.debug.xcconfig */ = {isa = PBXFileReference; includeInIndex = 1; lastKnownFileType = text.xcconfig; name = "Pods-Tell Me.debug.xcconfig"; path = "Pods/Target Support Files/Pods-Tell Me/Pods-Tell Me.debug.xcconfig"; sourceTree = "<group>"; };
		67D11FBBEB8D157536AB74A8 /* Pods_Tell_Me.framework */ = {isa = PBXFileReference; explicitFileType = wrapper.framework; includeInIndex = 0; path = Pods_Tell_Me.framework; sourceTree = BUILT_PRODUCTS_DIR; };
		7325DF3773AC644175EC29C6 /* Pods-Tell Me.release.xcconfig */ = {isa = PBXFileReference; includeInIndex = 1; lastKnownFileType = text.xcconfig; name = "Pods-Tell Me.release.xcconfig"; path = "Pods/Target Support Files/Pods-Tell Me/Pods-Tell Me.release.xcconfig"; sourceTree = "<group>"; };
		748925E3A2FE3392020323CA /* Pods-Tell MeTests.debug.xcconfig */ = {isa = PBXFileReference; includeInIndex = 1; lastKnownFileType = text.xcconfig; name = "Pods-Tell MeTests.debug.xcconfig"; path = "Pods/Target Support Files/Pods-Tell MeTests/Pods-Tell MeTests.debug.xcconfig"; sourceTree = "<group>"; };
		A0FBA8B1F3EAAD7FB6AC500A /* Pods_Tell_MeTests.framework */ = {isa = PBXFileReference; explicitFileType = wrapper.framework; includeInIndex = 0; path = Pods_Tell_MeTests.framework; sourceTree = BUILT_PRODUCTS_DIR; };
		A2E21D6721B6269707C36F21 /* Pods-Tell MeTests.release.xcconfig */ = {isa = PBXFileReference; includeInIndex = 1; lastKnownFileType = text.xcconfig; name = "Pods-Tell MeTests.release.xcconfig"; path = "Pods/Target Support Files/Pods-Tell MeTests/Pods-Tell MeTests.release.xcconfig"; sourceTree = "<group>"; };
/* End PBXFileReference section */

/* Begin PBXFrameworksBuildPhase section */
		2B798E261DAD623200124252 /* Frameworks */ = {
			isa = PBXFrameworksBuildPhase;
			buildActionMask = 2147483647;
			files = (
				2199A7F8465155011892586D /* Pods_Tell_Me.framework in Frameworks */,
			);
			runOnlyForDeploymentPostprocessing = 0;
		};
		2B798E3A1DAD623200124252 /* Frameworks */ = {
			isa = PBXFrameworksBuildPhase;
			buildActionMask = 2147483647;
			files = (
				AB696C5400A4E0805E1C9A8A /* Pods_Tell_MeTests.framework in Frameworks */,
			);
			runOnlyForDeploymentPostprocessing = 0;
		};
/* End PBXFrameworksBuildPhase section */

/* Begin PBXGroup section */
		2B2357761DAD63E1003B435E /* API */ = {
			isa = PBXGroup;
			children = (
				2B2357821DAD6705003B435E /* YesnoAPIManager.swift */,
			);
			name = API;
			sourceTree = "<group>";
		};
		2B2357771DAD63EE003B435E /* UI */ = {
			isa = PBXGroup;
			children = (
				2B798E301DAD623200124252 /* Main.storyboard */,
				2B798E351DAD623200124252 /* LaunchScreen.storyboard */,
			);
			name = UI;
			sourceTree = "<group>";
		};
		2B2357781DAD63FA003B435E /* Assets */ = {
			isa = PBXGroup;
			children = (
				2B798E331DAD623200124252 /* Assets.xcassets */,
				2B798E381DAD623200124252 /* Info.plist */,
			);
			name = Assets;
			sourceTree = "<group>";
		};
		2B2357791DAD6413003B435E /* Controller */ = {
			isa = PBXGroup;
			children = (
				2B798E2C1DAD623200124252 /* AppDelegate.swift */,
				2B798E2E1DAD623200124252 /* ViewController.swift */,
				2B2357861DAD758F003B435E /* PopupViewController.swift */,
			);
			name = Controller;
			sourceTree = "<group>";
		};
		2B23577A1DAD6427003B435E /* Model */ = {
			isa = PBXGroup;
			children = (
				2B23577C1DAD644F003B435E /* Answer.swift */,
				2B23577E1DAD648A003B435E /* ResponseJSONObjectSerializable.swift */,
				2B2357801DAD64D9003B435E /* AnswerType.swift */,
				2B2357841DAD70F6003B435E /* Dimmable.swift */,
			);
			name = Model;
			sourceTree = "<group>";
		};
		2B23577B1DAD642E003B435E /* View */ = {
			isa = PBXGroup;
			children = (
			);
			name = View;
			sourceTree = "<group>";
		};
		2B2357881DAD83CA003B435E /* Extensions */ = {
			isa = PBXGroup;
			children = (
				2B2357891DAD83E1003B435E /* NSMutableAttributedString+extension.swift */,
			);
			name = Extensions;
			sourceTree = "<group>";
		};
		2B798E201DAD623100124252 = {
			isa = PBXGroup;
			children = (
				2B798E2B1DAD623200124252 /* Tell Me */,
				2B798E401DAD623200124252 /* Tell MeTests */,
				2B798E2A1DAD623200124252 /* Products */,
				64B2402DB018548CA9FC439B /* Pods */,
				DB5300877CB7153B1C7865D2 /* Frameworks */,
			);
			sourceTree = "<group>";
		};
		2B798E2A1DAD623200124252 /* Products */ = {
			isa = PBXGroup;
			children = (
				2B798E291DAD623200124252 /* Tell Me.app */,
				2B798E3D1DAD623200124252 /* Tell MeTests.xctest */,
			);
			name = Products;
			sourceTree = "<group>";
		};
		2B798E2B1DAD623200124252 /* Tell Me */ = {
			isa = PBXGroup;
			children = (
				2B2357881DAD83CA003B435E /* Extensions */,
				2B2357761DAD63E1003B435E /* API */,
				2B2357781DAD63FA003B435E /* Assets */,
				2B2357771DAD63EE003B435E /* UI */,
				2B23577A1DAD6427003B435E /* Model */,
				2B23577B1DAD642E003B435E /* View */,
				2B2357791DAD6413003B435E /* Controller */,
			);
			path = "Tell Me";
			sourceTree = "<group>";
		};
		2B798E401DAD623200124252 /* Tell MeTests */ = {
			isa = PBXGroup;
			children = (
				2B798E411DAD623200124252 /* Tell_MeTests.swift */,
				2B798E431DAD623200124252 /* Info.plist */,
			);
			path = "Tell MeTests";
			sourceTree = "<group>";
		};
		64B2402DB018548CA9FC439B /* Pods */ = {
			isa = PBXGroup;
			children = (
				630167742157429187A01625 /* Pods-Tell Me.debug.xcconfig */,
				7325DF3773AC644175EC29C6 /* Pods-Tell Me.release.xcconfig */,
				748925E3A2FE3392020323CA /* Pods-Tell MeTests.debug.xcconfig */,
				A2E21D6721B6269707C36F21 /* Pods-Tell MeTests.release.xcconfig */,
			);
			name = Pods;
			sourceTree = "<group>";
		};
		DB5300877CB7153B1C7865D2 /* Frameworks */ = {
			isa = PBXGroup;
			children = (
				67D11FBBEB8D157536AB74A8 /* Pods_Tell_Me.framework */,
				A0FBA8B1F3EAAD7FB6AC500A /* Pods_Tell_MeTests.framework */,
			);
			name = Frameworks;
			sourceTree = "<group>";
		};
/* End PBXGroup section */

/* Begin PBXNativeTarget section */
		2B798E281DAD623200124252 /* Tell Me */ = {
			isa = PBXNativeTarget;
			buildConfigurationList = 2B798E461DAD623200124252 /* Build configuration list for PBXNativeTarget "Tell Me" */;
			buildPhases = (
				959D2680498A56342F66DEC1 /* 📦 Check Pods Manifest.lock */,
				2B798E251DAD623200124252 /* Sources */,
				2B798E261DAD623200124252 /* Frameworks */,
				2B798E271DAD623200124252 /* Resources */,
				DC64C3E0786E092A8C1212FE /* 📦 Embed Pods Frameworks */,
				30321E7A852CA26B3C89A23D /* 📦 Copy Pods Resources */,
			);
			buildRules = (
			);
			dependencies = (
			);
			name = "Tell Me";
			productName = "Tell Me";
			productReference = 2B798E291DAD623200124252 /* Tell Me.app */;
			productType = "com.apple.product-type.application";
		};
		2B798E3C1DAD623200124252 /* Tell MeTests */ = {
			isa = PBXNativeTarget;
			buildConfigurationList = 2B798E491DAD623200124252 /* Build configuration list for PBXNativeTarget "Tell MeTests" */;
			buildPhases = (
				C9A3F1C7B4E508333405D5AD /* 📦 Check Pods Manifest.lock */,
				2B798E391DAD623200124252 /* Sources */,
				2B798E3A1DAD623200124252 /* Frameworks */,
				2B798E3B1DAD623200124252 /* Resources */,
				F3419CB91CCC1336F3844E38 /* 📦 Embed Pods Frameworks */,
				8E29AE09ECFB302AE5A0C0EC /* 📦 Copy Pods Resources */,
			);
			buildRules = (
			);
			dependencies = (
				2B798E3F1DAD623200124252 /* PBXTargetDependency */,
			);
			name = "Tell MeTests";
			productName = "Tell MeTests";
			productReference = 2B798E3D1DAD623200124252 /* Tell MeTests.xctest */;
			productType = "com.apple.product-type.bundle.unit-test";
		};
/* End PBXNativeTarget section */

/* Begin PBXProject section */
		2B798E211DAD623100124252 /* Project object */ = {
			isa = PBXProject;
			attributes = {
				LastSwiftUpdateCheck = 0800;
				LastUpgradeCheck = 0800;
				ORGANIZATIONNAME = "Code Fork";
				TargetAttributes = {
					2B798E281DAD623200124252 = {
						CreatedOnToolsVersion = 8.0;
						DevelopmentTeam = 4QS2PECWP2;
						ProvisioningStyle = Automatic;
					};
					2B798E3C1DAD623200124252 = {
						CreatedOnToolsVersion = 8.0;
						DevelopmentTeam = 4QS2PECWP2;
						ProvisioningStyle = Automatic;
						TestTargetID = 2B798E281DAD623200124252;
					};
				};
			};
			buildConfigurationList = 2B798E241DAD623100124252 /* Build configuration list for PBXProject "Tell Me" */;
			compatibilityVersion = "Xcode 3.2";
			developmentRegion = English;
			hasScannedForEncodings = 0;
			knownRegions = (
				en,
				Base,
			);
			mainGroup = 2B798E201DAD623100124252;
			productRefGroup = 2B798E2A1DAD623200124252 /* Products */;
			projectDirPath = "";
			projectRoot = "";
			targets = (
				2B798E281DAD623200124252 /* Tell Me */,
				2B798E3C1DAD623200124252 /* Tell MeTests */,
			);
		};
/* End PBXProject section */

/* Begin PBXResourcesBuildPhase section */
		2B798E271DAD623200124252 /* Resources */ = {
			isa = PBXResourcesBuildPhase;
			buildActionMask = 2147483647;
			files = (
				2B798E371DAD623200124252 /* LaunchScreen.storyboard in Resources */,
				2B798E341DAD623200124252 /* Assets.xcassets in Resources */,
				2B798E321DAD623200124252 /* Main.storyboard in Resources */,
			);
			runOnlyForDeploymentPostprocessing = 0;
		};
		2B798E3B1DAD623200124252 /* Resources */ = {
			isa = PBXResourcesBuildPhase;
			buildActionMask = 2147483647;
			files = (
			);
			runOnlyForDeploymentPostprocessing = 0;
		};
/* End PBXResourcesBuildPhase section */

/* Begin PBXShellScriptBuildPhase section */
		30321E7A852CA26B3C89A23D /* 📦 Copy Pods Resources */ = {
			isa = PBXShellScriptBuildPhase;
			buildActionMask = 2147483647;
			files = (
			);
			inputPaths = (
			);
			name = "📦 Copy Pods Resources";
			outputPaths = (
			);
			runOnlyForDeploymentPostprocessing = 0;
			shellPath = /bin/sh;
			shellScript = "\"${SRCROOT}/Pods/Target Support Files/Pods-Tell Me/Pods-Tell Me-resources.sh\"\n";
			showEnvVarsInLog = 0;
		};
		8E29AE09ECFB302AE5A0C0EC /* 📦 Copy Pods Resources */ = {
			isa = PBXShellScriptBuildPhase;
			buildActionMask = 2147483647;
			files = (
			);
			inputPaths = (
			);
			name = "📦 Copy Pods Resources";
			outputPaths = (
			);
			runOnlyForDeploymentPostprocessing = 0;
			shellPath = /bin/sh;
			shellScript = "\"${SRCROOT}/Pods/Target Support Files/Pods-Tell MeTests/Pods-Tell MeTests-resources.sh\"\n";
			showEnvVarsInLog = 0;
		};
		959D2680498A56342F66DEC1 /* 📦 Check Pods Manifest.lock */ = {
			isa = PBXShellScriptBuildPhase;
			buildActionMask = 2147483647;
			files = (
			);
			inputPaths = (
			);
			name = "📦 Check Pods Manifest.lock";
			outputPaths = (
			);
			runOnlyForDeploymentPostprocessing = 0;
			shellPath = /bin/sh;
			shellScript = "diff \"${PODS_ROOT}/../Podfile.lock\" \"${PODS_ROOT}/Manifest.lock\" > /dev/null\nif [[ $? != 0 ]] ; then\n    cat << EOM\nerror: The sandbox is not in sync with the Podfile.lock. Run 'pod install' or update your CocoaPods installation.\nEOM\n    exit 1\nfi\n";
			showEnvVarsInLog = 0;
		};
		C9A3F1C7B4E508333405D5AD /* 📦 Check Pods Manifest.lock */ = {
			isa = PBXShellScriptBuildPhase;
			buildActionMask = 2147483647;
			files = (
			);
			inputPaths = (
			);
			name = "📦 Check Pods Manifest.lock";
			outputPaths = (
			);
			runOnlyForDeploymentPostprocessing = 0;
			shellPath = /bin/sh;
			shellScript = "diff \"${PODS_ROOT}/../Podfile.lock\" \"${PODS_ROOT}/Manifest.lock\" > /dev/null\nif [[ $? != 0 ]] ; then\n    cat << EOM\nerror: The sandbox is not in sync with the Podfile.lock. Run 'pod install' or update your CocoaPods installation.\nEOM\n    exit 1\nfi\n";
			showEnvVarsInLog = 0;
		};
		DC64C3E0786E092A8C1212FE /* 📦 Embed Pods Frameworks */ = {
			isa = PBXShellScriptBuildPhase;
			buildActionMask = 2147483647;
			files = (
			);
			inputPaths = (
			);
			name = "📦 Embed Pods Frameworks";
			outputPaths = (
			);
			runOnlyForDeploymentPostprocessing = 0;
			shellPath = /bin/sh;
			shellScript = "\"${SRCROOT}/Pods/Target Support Files/Pods-Tell Me/Pods-Tell Me-frameworks.sh\"\n";
			showEnvVarsInLog = 0;
		};
		F3419CB91CCC1336F3844E38 /* 📦 Embed Pods Frameworks */ = {
			isa = PBXShellScriptBuildPhase;
			buildActionMask = 2147483647;
			files = (
			);
			inputPaths = (
			);
			name = "📦 Embed Pods Frameworks";
			outputPaths = (
			);
			runOnlyForDeploymentPostprocessing = 0;
			shellPath = /bin/sh;
			shellScript = "\"${SRCROOT}/Pods/Target Support Files/Pods-Tell MeTests/Pods-Tell MeTests-frameworks.sh\"\n";
			showEnvVarsInLog = 0;
		};
/* End PBXShellScriptBuildPhase section */

/* Begin PBXSourcesBuildPhase section */
		2B798E251DAD623200124252 /* Sources */ = {
			isa = PBXSourcesBuildPhase;
			buildActionMask = 2147483647;
			files = (
				2B2357811DAD64D9003B435E /* AnswerType.swift in Sources */,
				2B23578A1DAD83E1003B435E /* NSMutableAttributedString+extension.swift in Sources */,
				2B2357831DAD6705003B435E /* YesnoAPIManager.swift in Sources */,
				2B23577D1DAD644F003B435E /* Answer.swift in Sources */,
				2B2357851DAD70F6003B435E /* Dimmable.swift in Sources */,
				2B798E2F1DAD623200124252 /* ViewController.swift in Sources */,
				2B23577F1DAD648A003B435E /* ResponseJSONObjectSerializable.swift in Sources */,
				2B798E2D1DAD623200124252 /* AppDelegate.swift in Sources */,
				2B2357871DAD758F003B435E /* PopupViewController.swift in Sources */,
			);
			runOnlyForDeploymentPostprocessing = 0;
		};
		2B798E391DAD623200124252 /* Sources */ = {
			isa = PBXSourcesBuildPhase;
			buildActionMask = 2147483647;
			files = (
				2B798E421DAD623200124252 /* Tell_MeTests.swift in Sources */,
			);
			runOnlyForDeploymentPostprocessing = 0;
		};
/* End PBXSourcesBuildPhase section */

/* Begin PBXTargetDependency section */
		2B798E3F1DAD623200124252 /* PBXTargetDependency */ = {
			isa = PBXTargetDependency;
			target = 2B798E281DAD623200124252 /* Tell Me */;
			targetProxy = 2B798E3E1DAD623200124252 /* PBXContainerItemProxy */;
		};
/* End PBXTargetDependency section */

/* Begin PBXVariantGroup section */
		2B798E301DAD623200124252 /* Main.storyboard */ = {
			isa = PBXVariantGroup;
			children = (
				2B798E311DAD623200124252 /* Base */,
			);
			name = Main.storyboard;
			sourceTree = "<group>";
		};
		2B798E351DAD623200124252 /* LaunchScreen.storyboard */ = {
			isa = PBXVariantGroup;
			children = (
				2B798E361DAD623200124252 /* Base */,
			);
			name = LaunchScreen.storyboard;
			sourceTree = "<group>";
		};
/* End PBXVariantGroup section */

/* Begin XCBuildConfiguration section */
		2B798E441DAD623200124252 /* Debug */ = {
			isa = XCBuildConfiguration;
			buildSettings = {
				ALWAYS_SEARCH_USER_PATHS = NO;
				CLANG_ANALYZER_NONNULL = YES;
				CLANG_CXX_LANGUAGE_STANDARD = "gnu++0x";
				CLANG_CXX_LIBRARY = "libc++";
				CLANG_ENABLE_MODULES = YES;
				CLANG_ENABLE_OBJC_ARC = YES;
				CLANG_WARN_BOOL_CONVERSION = YES;
				CLANG_WARN_CONSTANT_CONVERSION = YES;
				CLANG_WARN_DIRECT_OBJC_ISA_USAGE = YES_ERROR;
				CLANG_WARN_DOCUMENTATION_COMMENTS = YES;
				CLANG_WARN_EMPTY_BODY = YES;
				CLANG_WARN_ENUM_CONVERSION = YES;
				CLANG_WARN_INFINITE_RECURSION = YES;
				CLANG_WARN_INT_CONVERSION = YES;
				CLANG_WARN_OBJC_ROOT_CLASS = YES_ERROR;
				CLANG_WARN_SUSPICIOUS_MOVES = YES;
				CLANG_WARN_UNREACHABLE_CODE = YES;
				CLANG_WARN__DUPLICATE_METHOD_MATCH = YES;
				"CODE_SIGN_IDENTITY[sdk=iphoneos*]" = "iPhone Developer";
				COPY_PHASE_STRIP = NO;
				DEBUG_INFORMATION_FORMAT = dwarf;
				ENABLE_STRICT_OBJC_MSGSEND = YES;
				ENABLE_TESTABILITY = YES;
				GCC_C_LANGUAGE_STANDARD = gnu99;
				GCC_DYNAMIC_NO_PIC = NO;
				GCC_NO_COMMON_BLOCKS = YES;
				GCC_OPTIMIZATION_LEVEL = 0;
				GCC_PREPROCESSOR_DEFINITIONS = (
					"DEBUG=1",
					"$(inherited)",
				);
				GCC_WARN_64_TO_32_BIT_CONVERSION = YES;
				GCC_WARN_ABOUT_RETURN_TYPE = YES_ERROR;
				GCC_WARN_UNDECLARED_SELECTOR = YES;
				GCC_WARN_UNINITIALIZED_AUTOS = YES_AGGRESSIVE;
				GCC_WARN_UNUSED_FUNCTION = YES;
				GCC_WARN_UNUSED_VARIABLE = YES;
				IPHONEOS_DEPLOYMENT_TARGET = 10.0;
				MTL_ENABLE_DEBUG_INFO = YES;
				ONLY_ACTIVE_ARCH = YES;
				SDKROOT = iphoneos;
				SWIFT_ACTIVE_COMPILATION_CONDITIONS = DEBUG;
				SWIFT_OPTIMIZATION_LEVEL = "-Onone";
			};
			name = Debug;
		};
		2B798E451DAD623200124252 /* Release */ = {
			isa = XCBuildConfiguration;
			buildSettings = {
				ALWAYS_SEARCH_USER_PATHS = NO;
				CLANG_ANALYZER_NONNULL = YES;
				CLANG_CXX_LANGUAGE_STANDARD = "gnu++0x";
				CLANG_CXX_LIBRARY = "libc++";
				CLANG_ENABLE_MODULES = YES;
				CLANG_ENABLE_OBJC_ARC = YES;
				CLANG_WARN_BOOL_CONVERSION = YES;
				CLANG_WARN_CONSTANT_CONVERSION = YES;
				CLANG_WARN_DIRECT_OBJC_ISA_USAGE = YES_ERROR;
				CLANG_WARN_DOCUMENTATION_COMMENTS = YES;
				CLANG_WARN_EMPTY_BODY = YES;
				CLANG_WARN_ENUM_CONVERSION = YES;
				CLANG_WARN_INFINITE_RECURSION = YES;
				CLANG_WARN_INT_CONVERSION = YES;
				CLANG_WARN_OBJC_ROOT_CLASS = YES_ERROR;
				CLANG_WARN_SUSPICIOUS_MOVES = YES;
				CLANG_WARN_UNREACHABLE_CODE = YES;
				CLANG_WARN__DUPLICATE_METHOD_MATCH = YES;
				"CODE_SIGN_IDENTITY[sdk=iphoneos*]" = "iPhone Developer";
				COPY_PHASE_STRIP = NO;
				DEBUG_INFORMATION_FORMAT = "dwarf-with-dsym";
				ENABLE_NS_ASSERTIONS = NO;
				ENABLE_STRICT_OBJC_MSGSEND = YES;
				GCC_C_LANGUAGE_STANDARD = gnu99;
				GCC_NO_COMMON_BLOCKS = YES;
				GCC_WARN_64_TO_32_BIT_CONVERSION = YES;
				GCC_WARN_ABOUT_RETURN_TYPE = YES_ERROR;
				GCC_WARN_UNDECLARED_SELECTOR = YES;
				GCC_WARN_UNINITIALIZED_AUTOS = YES_AGGRESSIVE;
				GCC_WARN_UNUSED_FUNCTION = YES;
				GCC_WARN_UNUSED_VARIABLE = YES;
				IPHONEOS_DEPLOYMENT_TARGET = 10.0;
				MTL_ENABLE_DEBUG_INFO = NO;
				SDKROOT = iphoneos;
				SWIFT_OPTIMIZATION_LEVEL = "-Owholemodule";
				VALIDATE_PRODUCT = YES;
			};
			name = Release;
		};
		2B798E471DAD623200124252 /* Debug */ = {
			isa = XCBuildConfiguration;
			baseConfigurationReference = 630167742157429187A01625 /* Pods-Tell Me.debug.xcconfig */;
			buildSettings = {
				ASSETCATALOG_COMPILER_APPICON_NAME = AppIcon;
				DEVELOPMENT_TEAM = 4QS2PECWP2;
				INFOPLIST_FILE = "Tell Me/Info.plist";
				LD_RUNPATH_SEARCH_PATHS = "$(inherited) @executable_path/Frameworks";
				PRODUCT_BUNDLE_IDENTIFIER = "se.codefork.Tell-Me";
				PRODUCT_NAME = "$(TARGET_NAME)";
				SWIFT_VERSION = 3.0;
			};
			name = Debug;
		};
		2B798E481DAD623200124252 /* Release */ = {
			isa = XCBuildConfiguration;
			baseConfigurationReference = 7325DF3773AC644175EC29C6 /* Pods-Tell Me.release.xcconfig */;
			buildSettings = {
				ASSETCATALOG_COMPILER_APPICON_NAME = AppIcon;
				DEVELOPMENT_TEAM = 4QS2PECWP2;
				INFOPLIST_FILE = "Tell Me/Info.plist";
				LD_RUNPATH_SEARCH_PATHS = "$(inherited) @executable_path/Frameworks";
				PRODUCT_BUNDLE_IDENTIFIER = "se.codefork.Tell-Me";
				PRODUCT_NAME = "$(TARGET_NAME)";
				SWIFT_VERSION = 3.0;
			};
			name = Release;
		};
		2B798E4A1DAD623200124252 /* Debug */ = {
			isa = XCBuildConfiguration;
			baseConfigurationReference = 748925E3A2FE3392020323CA /* Pods-Tell MeTests.debug.xcconfig */;
			buildSettings = {
				ALWAYS_EMBED_SWIFT_STANDARD_LIBRARIES = YES;
				BUNDLE_LOADER = "$(TEST_HOST)";
				DEVELOPMENT_TEAM = 4QS2PECWP2;
				INFOPLIST_FILE = "Tell MeTests/Info.plist";
				LD_RUNPATH_SEARCH_PATHS = "$(inherited) @executable_path/Frameworks @loader_path/Frameworks";
				PRODUCT_BUNDLE_IDENTIFIER = "se.codefork.Tell-MeTests";
				PRODUCT_NAME = "$(TARGET_NAME)";
				SWIFT_VERSION = 3.0;
				TEST_HOST = "$(BUILT_PRODUCTS_DIR)/Tell Me.app/Tell Me";
			};
			name = Debug;
		};
		2B798E4B1DAD623200124252 /* Release */ = {
			isa = XCBuildConfiguration;
			baseConfigurationReference = A2E21D6721B6269707C36F21 /* Pods-Tell MeTests.release.xcconfig */;
			buildSettings = {
				ALWAYS_EMBED_SWIFT_STANDARD_LIBRARIES = YES;
				BUNDLE_LOADER = "$(TEST_HOST)";
				DEVELOPMENT_TEAM = 4QS2PECWP2;
				INFOPLIST_FILE = "Tell MeTests/Info.plist";
				LD_RUNPATH_SEARCH_PATHS = "$(inherited) @executable_path/Frameworks @loader_path/Frameworks";
				PRODUCT_BUNDLE_IDENTIFIER = "se.codefork.Tell-MeTests";
				PRODUCT_NAME = "$(TARGET_NAME)";
				SWIFT_VERSION = 3.0;
				TEST_HOST = "$(BUILT_PRODUCTS_DIR)/Tell Me.app/Tell Me";
			};
			name = Release;
		};
/* End XCBuildConfiguration section */

/* Begin XCConfigurationList section */
		2B798E241DAD623100124252 /* Build configuration list for PBXProject "Tell Me" */ = {
			isa = XCConfigurationList;
			buildConfigurations = (
				2B798E441DAD623200124252 /* Debug */,
				2B798E451DAD623200124252 /* Release */,
			);
			defaultConfigurationIsVisible = 0;
			defaultConfigurationName = Release;
		};
		2B798E461DAD623200124252 /* Build configuration list for PBXNativeTarget "Tell Me" */ = {
			isa = XCConfigurationList;
			buildConfigurations = (
				2B798E471DAD623200124252 /* Debug */,
				2B798E481DAD623200124252 /* Release */,
			);
			defaultConfigurationIsVisible = 0;
			defaultConfigurationName = Release;
		};
		2B798E491DAD623200124252 /* Build configuration list for PBXNativeTarget "Tell MeTests" */ = {
			isa = XCConfigurationList;
			buildConfigurations = (
				2B798E4A1DAD623200124252 /* Debug */,
				2B798E4B1DAD623200124252 /* Release */,
			);
			defaultConfigurationIsVisible = 0;
			defaultConfigurationName = Release;
		};
/* End XCConfigurationList section */
	};
	rootObject = 2B798E211DAD623100124252 /* Project object */;
}
